schema: '2.0'
stages:
  raw_dataset_creation:
    cmd: python src/data/load_data.py --config=params.yaml
    deps:
    - path: data/external/train.csv
      md5: 8929517566f004183dff480fdd48afe0
      size: 391872
    - path: src/data/load_data.py
      md5: 647d90d165760e04f185b5b13f0bf872
      size: 1417
    outs:
    - path: data/raw/train.csv
      md5: 9b61c38a459d36244dbf8e6940236371
      size: 116146
  split_data:
    cmd: python src/data/split_data.py --config=params.yaml
    deps:
    - path: data/raw/train.csv
      md5: 9b61c38a459d36244dbf8e6940236371
      size: 116146
    - path: src/data/split_data.py
      md5: fd302117ffa99c1ee0e9610433dd4043
      size: 1370
    outs:
    - path: data/processed/churn_test.csv
      md5: c3a4965f71511e72d4af9ac650f47505
      size: 23358
    - path: data/processed/churn_train.csv
      md5: 8358e3ab11f8301c58d3b0e5aa99a6fd
      size: 92916
  model_train:
    cmd: python src/models/train_model.py --config=params.yaml
    deps:
    - path: data/processed/churn_test.csv
      md5: c3a4965f71511e72d4af9ac650f47505
      size: 23358
    - path: data/processed/churn_train.csv
      md5: 8358e3ab11f8301c58d3b0e5aa99a6fd
      size: 92916
    - path: src/models/train_model.py
      md5: 9e9efe70d2c8402908ef1470d79f7f29
      size: 3881
    params:
      params.yaml:
        random_forest.max_depth: 35
        random_forest.n_estimators: 42
  log_production_model:
    cmd: python src/models/model_selection.py --config=params.yaml
    deps:
    - path: src/models/model_selection.py
      md5: 014eaf7cb5f3822025cfe1fc2f4a9906
      size: 1621
    params:
      params.yaml:
        random_forest.max_depth: 35
        random_forest.n_estimators: 42
    outs:
    - path: models/model.joblib
      md5: 671d1bf6a2827bf53b97816aac0e4c1e
      size: 81117
